{
  "name": "teamdiscovery",
  "version": "0.0.0",
  "lockfileVersion": 3,
  "requires": true,
  "packages": {
    "": {
      "name": "teamdiscovery",
      "version": "0.0.0",
      "type": "module",
      "dependencies": {
        "@supabase/supabase-js": "^2.110.2",
        "@tailwindcss/vite": "^4.1.18",
        "framer-motion": "^12.42.2",
        "lucide-react": "^1.23.0",
        "react": "^18.3.1",
        "react-dom": "^18.3.1",
        "react-dropzone": "^15.0.0",
        "sonner": "^2.0.7",
        "tailwindcss": "^4.1.18"
      },
      "devDependencies": {
        "@types/node": "^24.10.1",
        "@types/react": "^18.3.1",
        "@types/react-dom": "^18.3.1",
        "@vitejs/plugin-react": "^5.1.1",
        "globals": "^16.5.0",
        "typescript": "~5.9.3",
        "vite": "^7.2.4",
        "vite-plugin-svgr": "^4.5.0"
      }
    },
    "node_modules/@supabase/supabase-js": {
      "version": "2.110.2",
      "resolved": "https://registry.npmjs.org/@supabase/supabase-js/-/supabase-js-2.110.2.tgz"
    },
    "node_modules/@tailwindcss/vite": {
      "version": "4.1.18",
      "resolved": "https://registry.npmjs.org/@tailwindcss/vite/-/vite-4.1.18.tgz"
    },
    "node_modules/framer-motion": {
      "version": "12.42.2",
      "resolved": "https://registry.npmjs.org/framer-motion/-/framer-motion-12.42.2.tgz"
    },
    "node_modules/lucide-react": {
      "version": "1.23.0",
      "resolved": "https://registry.npmjs.org/lucide-react/-/lucide-react-1.23.0.tgz"
    },
    "node_modules/react": {
      "version": "18.3.1",
      "resolved": "https://registry.npmjs.org/react/-/react-18.3.1.tgz"
    },
    "node_modules/react-dom": {
      "version": "18.3.1",
      "resolved": "https://registry.npmjs.org/react-dom/-/react-dom-18.3.1.tgz"
    },
    "node_modules/react-dropzone": {
      "version": "15.0.0",
      "resolved": "https://registry.npmjs.org/react-dropzone/-/react-dropzone-15.0.0.tgz"
    },
    "node_modules/sonner": {
      "version": "2.0.7",
      "resolved": "https://registry.npmjs.org/sonner/-/sonner-2.0.7.tgz"
    },
    "node_modules/tailwindcss": {
      "version": "4.1.18",
      "resolved": "https://registry.npmjs.org/tailwindcss/-/tailwindcss-4.1.18.tgz"
    },
    "node_modules/@types/node": {
      "version": "24.10.1",
      "resolved": "https://registry.npmjs.org/@types/node/-/node-24.10.1.tgz"
    },
    "node_modules/@types/react": {
      "version": "18.3.1",
      "resolved": "https://registry.npmjs.org/@types/react/-/react-18.3.1.tgz"
    },
    "node_modules/@types/react-dom": {
      "version": "18.3.1",
      "resolved": "https://registry.npmjs.org/@types/react-dom/-/react-dom-18.3.1.tgz"
    },
    "node_modules/@vitejs/plugin-react": {
      "version": "5.1.1",
      "resolved": "https://registry.npmjs.org/@vitejs/plugin-react/-/plugin-react-5.1.1.tgz"
    },
    "node_modules/globals": {
      "version": "16.5.0",
      "resolved": "https://registry.npmjs.org/globals/-/globals-16.5.0.tgz"
    },
    "node_modules/typescript": {
      "version": "5.9.3",
      "resolved": "https://registry.npmjs.org/typescript/-/typescript-5.9.3.tgz"
    },
    "node_modules/vite": {
      "version": "7.2.4",
      "resolved": "https://registry.npmjs.org/vite/-/vite-7.2.4.tgz"
    },
    "node_modules/vite-plugin-svgr": {
      "version": "4.5.0",
      "resolved": "https://registry.npmjs.org/vite-plugin-svgr/-/vite-plugin-svgr-4.5.0.tgz"
    }
  }
}